
Microsoft Visual Studio Solution File, Format Version 12.00
# Visual Studio Version 17
VisualStudioVersion = 17.11.35222.181
MinimumVisualStudioVersion = 10.0.40219.1
Project("{888888A0-9F3D-457C-B088-3A5042F75D52}") = "Factorial! PYTHON", "Factorial! PYTHON.pyproj", "{17D7BCE0-51F4-4897-87F0-BC940D1ADC07}"
EndProject
Global
	GlobalSection(SolutionConfigurationPlatforms) = preSolution
		Debug|Any CPU = Debug|Any CPU
		Release|Any CPU = Release|Any CPU
	EndGlobalSection
	GlobalSection(ProjectConfigurationPlatforms) = postSolution
		{17D7BCE0-51F4-4897-87F0-BC940D1ADC07}.Debug|Any CPU.ActiveCfg = Debug|Any CPU
		{17D7BCE0-51F4-4897-87F0-BC940D1ADC07}.Release|Any CPU.ActiveCfg = Release|Any CPU
	EndGlobalSection
	GlobalSection(SolutionProperties) = preSolution
		HideSolutionNode = FALSE
	EndGlobalSection
	GlobalSection(ExtensibilityGlobals) = postSolution
		SolutionGuid = {4746BE07-A566-4C21-8BD8-D0CB549914CE}
	EndGlobalSection
EndGlobal
